
Microsoft Visual Studio Solution File, Format Version 12.00
# Visual Studio 14
VisualStudioVersion = 14.0.23107.0
MinimumVisualStudioVersion = 10.0.40219.1
Project("{2150E333-8FDC-42A3-9474-1A3956D46DE8}") = "ChartViewU8", "ChartViewU8", "{3B6813D3-0B87-4EFF-8374-461C11E33A77}"
EndProject
Project("{FAE04EC0-301F-11D3-BF4B-00C04F79EFBC}") = "ChartView", "ChartView\ChartView.csproj", "{EC8FCAA2-F366-4867-BC2E-C3849563B7E5}"
EndProject
Project("{FAE04EC0-301F-11D3-BF4B-00C04F79EFBC}") = "ChartControls", "ChartControls\ChartControls.csproj", "{7C89B937-9DBD-4034-95D8-14046E4E0A7C}"
EndProject
Project("{FAE04EC0-301F-11D3-BF4B-00C04F79EFBC}") = "DataSource", "DataSource\DataSource.csproj", "{F7B0ECB9-9013-4187-825A-3C6B219BCFC0}"
EndProject
Project("{FAE04EC0-301F-11D3-BF4B-00C04F79EFBC}") = "Stock2Json", "StockData2Json\Stock2Json.csproj", "{E6014C52-1BF6-49F5-B332-C7BEEE67C572}"
EndProject
Project("{FAE04EC0-301F-11D3-BF4B-00C04F79EFBC}") = "ChartControlsU8", "ChartControlsU8\ChartControlsU8.csproj", "{FFEFDA4E-0E27-4369-9F5E-E6F182C297DE}"
EndProject
Project("{FAE04EC0-301F-11D3-BF4B-00C04F79EFBC}") = "WebRequestU8", "ChartViewU8\WebRequestU8\WebRequestU8.csproj", "{FE62D865-F4FD-48D5-94BC-1C3EC8A74255}"
EndProject
Project("{FAE04EC0-301F-11D3-BF4B-00C04F79EFBC}") = "LogU8", "ChartViewU8\LogU8\LogU8.csproj", "{897E6742-2A2F-4A86-96DB-E9C67F9C45F3}"
EndProject
Project("{FAE04EC0-301F-11D3-BF4B-00C04F79EFBC}") = "ChartViewU8.Windows", "ChartViewU8\ChartViewU8.Windows\ChartViewU8.Windows.csproj", "{502E1ACF-88F1-4031-BFFE-6F8450CE53F0}"
EndProject
Project("{FAE04EC0-301F-11D3-BF4B-00C04F79EFBC}") = "ChartViewU8.WindowsPhone", "ChartViewU8\ChartViewU8.WindowsPhone\ChartViewU8.WindowsPhone.csproj", "{E59CA8A3-BAFB-400A-808A-20A78D11A772}"
EndProject
Project("{D954291E-2A0B-460D-934E-DC6B0785DB48}") = "ChartViewU8.Shared", "ChartViewU8\ChartViewU8.Shared\ChartViewU8.Shared.shproj", "{FC7FEBEE-7D82-4CCE-AAB3-DE7843CF8DBF}"
EndProject
Project("{FAE04EC0-301F-11D3-BF4B-00C04F79EFBC}") = "ChartControlsDemo", "ChartControlsDemo\ChartControlsDemo.csproj", "{317665BE-7743-498C-8D7E-63C69D83FCB5}"
EndProject
Project("{FAE04EC0-301F-11D3-BF4B-00C04F79EFBC}") = "ChartViewUW", "ChartViewUW\ChartViewUW.csproj", "{52BC0050-B828-441E-88D5-4C43562A3EBB}"
EndProject
Project("{FAE04EC0-301F-11D3-BF4B-00C04F79EFBC}") = "ChartControls45", "ChartControls45\ChartControls45.csproj", "{674C586F-B285-444A-A6AB-A9CBCC5D0B8F}"
EndProject
Project("{FAE04EC0-301F-11D3-BF4B-00C04F79EFBC}") = "ChartControlU10", "ChartControlU10\ChartControlU10.csproj", "{1BB723D5-1E10-4B5A-A700-4B9B3CDB1926}"
EndProject
Global
	GlobalSection(SharedMSBuildProjectFiles) = preSolution
		ChartViewU8\ChartViewU8.Shared\ChartViewU8.Shared.projitems*{502e1acf-88f1-4031-bffe-6f8450ce53f0}*SharedItemsImports = 4
		ChartViewU8\ChartViewU8.Shared\ChartViewU8.Shared.projitems*{fc7febee-7d82-4cce-aab3-de7843cf8dbf}*SharedItemsImports = 13
		ChartViewU8\ChartViewU8.Shared\ChartViewU8.Shared.projitems*{e59ca8a3-bafb-400a-808a-20a78d11a772}*SharedItemsImports = 4
	EndGlobalSection
	GlobalSection(SolutionConfigurationPlatforms) = preSolution
		Debug|Any CPU = Debug|Any CPU
		Debug|ARM = Debug|ARM
		Debug|x64 = Debug|x64
		Debug|x86 = Debug|x86
		Release|Any CPU = Release|Any CPU
		Release|ARM = Release|ARM
		Release|x64 = Release|x64
		Release|x86 = Release|x86
	EndGlobalSection
	GlobalSection(ProjectConfigurationPlatforms) = postSolution
		{EC8FCAA2-F366-4867-BC2E-C3849563B7E5}.Debug|Any CPU.ActiveCfg = Debug|Any CPU
		{EC8FCAA2-F366-4867-BC2E-C3849563B7E5}.Debug|Any CPU.Build.0 = Debug|Any CPU
		{EC8FCAA2-F366-4867-BC2E-C3849563B7E5}.Debug|ARM.ActiveCfg = Debug|Any CPU
		{EC8FCAA2-F366-4867-BC2E-C3849563B7E5}.Debug|x64.ActiveCfg = Debug|Any CPU
		{EC8FCAA2-F366-4867-BC2E-C3849563B7E5}.Debug|x86.ActiveCfg = Debug|Any CPU
		{EC8FCAA2-F366-4867-BC2E-C3849563B7E5}.Release|Any CPU.ActiveCfg = Release|Any CPU
		{EC8FCAA2-F366-4867-BC2E-C3849563B7E5}.Release|Any CPU.Build.0 = Release|Any CPU
		{EC8FCAA2-F366-4867-BC2E-C3849563B7E5}.Release|ARM.ActiveCfg = Release|Any CPU
		{EC8FCAA2-F366-4867-BC2E-C3849563B7E5}.Release|x64.ActiveCfg = Release|Any CPU
		{EC8FCAA2-F366-4867-BC2E-C3849563B7E5}.Release|x86.ActiveCfg = Release|Any CPU
		{7C89B937-9DBD-4034-95D8-14046E4E0A7C}.Debug|Any CPU.ActiveCfg = Debug|Any CPU
		{7C89B937-9DBD-4034-95D8-14046E4E0A7C}.Debug|Any CPU.Build.0 = Debug|Any CPU
		{7C89B937-9DBD-4034-95D8-14046E4E0A7C}.Debug|ARM.ActiveCfg = Debug|Any CPU
		{7C89B937-9DBD-4034-95D8-14046E4E0A7C}.Debug|x64.ActiveCfg = Debug|Any CPU
		{7C89B937-9DBD-4034-95D8-14046E4E0A7C}.Debug|x86.ActiveCfg = Debug|Any CPU
		{7C89B937-9DBD-4034-95D8-14046E4E0A7C}.Release|Any CPU.ActiveCfg = Release|Any CPU
		{7C89B937-9DBD-4034-95D8-14046E4E0A7C}.Release|Any CPU.Build.0 = Release|Any CPU
		{7C89B937-9DBD-4034-95D8-14046E4E0A7C}.Release|ARM.ActiveCfg = Release|Any CPU
		{7C89B937-9DBD-4034-95D8-14046E4E0A7C}.Release|x64.ActiveCfg = Release|Any CPU
		{7C89B937-9DBD-4034-95D8-14046E4E0A7C}.Release|x86.ActiveCfg = Release|Any CPU
		{F7B0ECB9-9013-4187-825A-3C6B219BCFC0}.Debug|Any CPU.ActiveCfg = Debug|Any CPU
		{F7B0ECB9-9013-4187-825A-3C6B219BCFC0}.Debug|Any CPU.Build.0 = Debug|Any CPU
		{F7B0ECB9-9013-4187-825A-3C6B219BCFC0}.Debug|ARM.ActiveCfg = Debug|Any CPU
		{F7B0ECB9-9013-4187-825A-3C6B219BCFC0}.Debug|x64.ActiveCfg = Debug|Any CPU
		{F7B0ECB9-9013-4187-825A-3C6B219BCFC0}.Debug|x86.ActiveCfg = Debug|Any CPU
		{F7B0ECB9-9013-4187-825A-3C6B219BCFC0}.Release|Any CPU.ActiveCfg = Release|Any CPU
		{F7B0ECB9-9013-4187-825A-3C6B219BCFC0}.Release|Any CPU.Build.0 = Release|Any CPU
		{F7B0ECB9-9013-4187-825A-3C6B219BCFC0}.Release|ARM.ActiveCfg = Release|Any CPU
		{F7B0ECB9-9013-4187-825A-3C6B219BCFC0}.Release|x64.ActiveCfg = Release|Any CPU
		{F7B0ECB9-9013-4187-825A-3C6B219BCFC0}.Release|x86.ActiveCfg = Release|Any CPU
		{E6014C52-1BF6-49F5-B332-C7BEEE67C572}.Debug|Any CPU.ActiveCfg = Debug|Any CPU
		{E6014C52-1BF6-49F5-B332-C7BEEE67C572}.Debug|Any CPU.Build.0 = Debug|Any CPU
		{E6014C52-1BF6-49F5-B332-C7BEEE67C572}.Debug|ARM.ActiveCfg = Debug|Any CPU
		{E6014C52-1BF6-49F5-B332-C7BEEE67C572}.Debug|x64.ActiveCfg = Debug|Any CPU
		{E6014C52-1BF6-49F5-B332-C7BEEE67C572}.Debug|x86.ActiveCfg = Debug|Any CPU
		{E6014C52-1BF6-49F5-B332-C7BEEE67C572}.Release|Any CPU.ActiveCfg = Release|Any CPU
		{E6014C52-1BF6-49F5-B332-C7BEEE67C572}.Release|Any CPU.Build.0 = Release|Any CPU
		{E6014C52-1BF6-49F5-B332-C7BEEE67C572}.Release|ARM.ActiveCfg = Release|Any CPU
		{E6014C52-1BF6-49F5-B332-C7BEEE67C572}.Release|x64.ActiveCfg = Release|Any CPU
		{E6014C52-1BF6-49F5-B332-C7BEEE67C572}.Release|x86.ActiveCfg = Release|Any CPU
		{FFEFDA4E-0E27-4369-9F5E-E6F182C297DE}.Debug|Any CPU.ActiveCfg = Debug|Any CPU
		{FFEFDA4E-0E27-4369-9F5E-E6F182C297DE}.Debug|Any CPU.Build.0 = Debug|Any CPU
		{FFEFDA4E-0E27-4369-9F5E-E6F182C297DE}.Debug|ARM.ActiveCfg = Debug|Any CPU
		{FFEFDA4E-0E27-4369-9F5E-E6F182C297DE}.Debug|ARM.Build.0 = Debug|Any CPU
		{FFEFDA4E-0E27-4369-9F5E-E6F182C297DE}.Debug|x64.ActiveCfg = Debug|Any CPU
		{FFEFDA4E-0E27-4369-9F5E-E6F182C297DE}.Debug|x64.Build.0 = Debug|Any CPU
		{FFEFDA4E-0E27-4369-9F5E-E6F182C297DE}.Debug|x86.ActiveCfg = Debug|Any CPU
		{FFEFDA4E-0E27-4369-9F5E-E6F182C297DE}.Debug|x86.Build.0 = Debug|Any CPU
		{FFEFDA4E-0E27-4369-9F5E-E6F182C297DE}.Release|Any CPU.ActiveCfg = Release|Any CPU
		{FFEFDA4E-0E27-4369-9F5E-E6F182C297DE}.Release|Any CPU.Build.0 = Release|Any CPU
		{FFEFDA4E-0E27-4369-9F5E-E6F182C297DE}.Release|ARM.ActiveCfg = Release|Any CPU
		{FFEFDA4E-0E27-4369-9F5E-E6F182C297DE}.Release|ARM.Build.0 = Release|Any CPU
		{FFEFDA4E-0E27-4369-9F5E-E6F182C297DE}.Release|x64.ActiveCfg = Release|Any CPU
		{FFEFDA4E-0E27-4369-9F5E-E6F182C297DE}.Release|x64.Build.0 = Release|Any CPU
		{FFEFDA4E-0E27-4369-9F5E-E6F182C297DE}.Release|x86.ActiveCfg = Release|Any CPU
		{FFEFDA4E-0E27-4369-9F5E-E6F182C297DE}.Release|x86.Build.0 = Release|Any CPU
		{FE62D865-F4FD-48D5-94BC-1C3EC8A74255}.Debug|Any CPU.ActiveCfg = Debug|Any CPU
		{FE62D865-F4FD-48D5-94BC-1C3EC8A74255}.Debug|Any CPU.Build.0 = Debug|Any CPU
		{FE62D865-F4FD-48D5-94BC-1C3EC8A74255}.Debug|ARM.ActiveCfg = Debug|Any CPU
		{FE62D865-F4FD-48D5-94BC-1C3EC8A74255}.Debug|ARM.Build.0 = Debug|Any CPU
		{FE62D865-F4FD-48D5-94BC-1C3EC8A74255}.Debug|x64.ActiveCfg = Debug|Any CPU
		{FE62D865-F4FD-48D5-94BC-1C3EC8A74255}.Debug|x64.Build.0 = Debug|Any CPU
		{FE62D865-F4FD-48D5-94BC-1C3EC8A74255}.Debug|x86.ActiveCfg = Debug|Any CPU
		{FE62D865-F4FD-48D5-94BC-1C3EC8A74255}.Debug|x86.Build.0 = Debug|Any CPU
		{FE62D865-F4FD-48D5-94BC-1C3EC8A74255}.Release|Any CPU.ActiveCfg = Release|Any CPU
		{FE62D865-F4FD-48D5-94BC-1C3EC8A74255}.Release|Any CPU.Build.0 = Release|Any CPU
		{FE62D865-F4FD-48D5-94BC-1C3EC8A74255}.Release|ARM.ActiveCfg = Release|Any CPU
		{FE62D865-F4FD-48D5-94BC-1C3EC8A74255}.Release|ARM.Build.0 = Release|Any CPU
		{FE62D865-F4FD-48D5-94BC-1C3EC8A74255}.Release|x64.ActiveCfg = Release|Any CPU
		{FE62D865-F4FD-48D5-94BC-1C3EC8A74255}.Release|x64.Build.0 = Release|Any CPU
		{FE62D865-F4FD-48D5-94BC-1C3EC8A74255}.Release|x86.ActiveCfg = Release|Any CPU
		{FE62D865-F4FD-48D5-94BC-1C3EC8A74255}.Release|x86.Build.0 = Release|Any CPU
		{897E6742-2A2F-4A86-96DB-E9C67F9C45F3}.Debug|Any CPU.ActiveCfg = Debug|Any CPU
		{897E6742-2A2F-4A86-96DB-E9C67F9C45F3}.Debug|Any CPU.Build.0 = Debug|Any CPU
		{897E6742-2A2F-4A86-96DB-E9C67F9C45F3}.Debug|ARM.ActiveCfg = Debug|Any CPU
		{897E6742-2A2F-4A86-96DB-E9C67F9C45F3}.Debug|ARM.Build.0 = Debug|Any CPU
		{897E6742-2A2F-4A86-96DB-E9C67F9C45F3}.Debug|x64.ActiveCfg = Debug|Any CPU
		{897E6742-2A2F-4A86-96DB-E9C67F9C45F3}.Debug|x64.Build.0 = Debug|Any CPU
		{897E6742-2A2F-4A86-96DB-E9C67F9C45F3}.Debug|x86.ActiveCfg = Debug|Any CPU
		{897E6742-2A2F-4A86-96DB-E9C67F9C45F3}.Debug|x86.Build.0 = Debug|Any CPU
		{897E6742-2A2F-4A86-96DB-E9C67F9C45F3}.Release|Any CPU.ActiveCfg = Release|Any CPU
		{897E6742-2A2F-4A86-96DB-E9C67F9C45F3}.Release|Any CPU.Build.0 = Release|Any CPU
		{897E6742-2A2F-4A86-96DB-E9C67F9C45F3}.Release|ARM.ActiveCfg = Release|Any CPU
		{897E6742-2A2F-4A86-96DB-E9C67F9C45F3}.Release|ARM.Build.0 = Release|Any CPU
		{897E6742-2A2F-4A86-96DB-E9C67F9C45F3}.Release|x64.ActiveCfg = Release|Any CPU
		{897E6742-2A2F-4A86-96DB-E9C67F9C45F3}.Release|x64.Build.0 = Release|Any CPU
		{897E6742-2A2F-4A86-96DB-E9C67F9C45F3}.Release|x86.ActiveCfg = Release|Any CPU
		{897E6742-2A2F-4A86-96DB-E9C67F9C45F3}.Release|x86.Build.0 = Release|Any CPU
		{502E1ACF-88F1-4031-BFFE-6F8450CE53F0}.Debug|Any CPU.ActiveCfg = Debug|Any CPU
		{502E1ACF-88F1-4031-BFFE-6F8450CE53F0}.Debug|Any CPU.Build.0 = Debug|Any CPU
		{502E1ACF-88F1-4031-BFFE-6F8450CE53F0}.Debug|Any CPU.Deploy.0 = Debug|Any CPU
		{502E1ACF-88F1-4031-BFFE-6F8450CE53F0}.Debug|ARM.ActiveCfg = Debug|ARM
		{502E1ACF-88F1-4031-BFFE-6F8450CE53F0}.Debug|ARM.Build.0 = Debug|ARM
		{502E1ACF-88F1-4031-BFFE-6F8450CE53F0}.Debug|ARM.Deploy.0 = Debug|ARM
		{502E1ACF-88F1-4031-BFFE-6F8450CE53F0}.Debug|x64.ActiveCfg = Debug|x64
		{502E1ACF-88F1-4031-BFFE-6F8450CE53F0}.Debug|x64.Build.0 = Debug|x64
		{502E1ACF-88F1-4031-BFFE-6F8450CE53F0}.Debug|x64.Deploy.0 = Debug|x64
		{502E1ACF-88F1-4031-BFFE-6F8450CE53F0}.Debug|x86.ActiveCfg = Debug|x86
		{502E1ACF-88F1-4031-BFFE-6F8450CE53F0}.Debug|x86.Build.0 = Debug|x86
		{502E1ACF-88F1-4031-BFFE-6F8450CE53F0}.Debug|x86.Deploy.0 = Debug|x86
		{502E1ACF-88F1-4031-BFFE-6F8450CE53F0}.Release|Any CPU.ActiveCfg = Release|Any CPU
		{502E1ACF-88F1-4031-BFFE-6F8450CE53F0}.Release|Any CPU.Build.0 = Release|Any CPU
		{502E1ACF-88F1-4031-BFFE-6F8450CE53F0}.Release|Any CPU.Deploy.0 = Release|Any CPU
		{502E1ACF-88F1-4031-BFFE-6F8450CE53F0}.Release|ARM.ActiveCfg = Release|ARM
		{502E1ACF-88F1-4031-BFFE-6F8450CE53F0}.Release|ARM.Build.0 = Release|ARM
		{502E1ACF-88F1-4031-BFFE-6F8450CE53F0}.Release|ARM.Deploy.0 = Release|ARM
		{502E1ACF-88F1-4031-BFFE-6F8450CE53F0}.Release|x64.ActiveCfg = Release|x64
		{502E1ACF-88F1-4031-BFFE-6F8450CE53F0}.Release|x64.Build.0 = Release|x64
		{502E1ACF-88F1-4031-BFFE-6F8450CE53F0}.Release|x64.Deploy.0 = Release|x64
		{502E1ACF-88F1-4031-BFFE-6F8450CE53F0}.Release|x86.ActiveCfg = Release|x86
		{502E1ACF-88F1-4031-BFFE-6F8450CE53F0}.Release|x86.Build.0 = Release|x86
		{502E1ACF-88F1-4031-BFFE-6F8450CE53F0}.Release|x86.Deploy.0 = Release|x86
		{E59CA8A3-BAFB-400A-808A-20A78D11A772}.Debug|Any CPU.ActiveCfg = Debug|Any CPU
		{E59CA8A3-BAFB-400A-808A-20A78D11A772}.Debug|Any CPU.Build.0 = Debug|Any CPU
		{E59CA8A3-BAFB-400A-808A-20A78D11A772}.Debug|Any CPU.Deploy.0 = Debug|Any CPU
		{E59CA8A3-BAFB-400A-808A-20A78D11A772}.Debug|ARM.ActiveCfg = Debug|ARM
		{E59CA8A3-BAFB-400A-808A-20A78D11A772}.Debug|ARM.Build.0 = Debug|ARM
		{E59CA8A3-BAFB-400A-808A-20A78D11A772}.Debug|ARM.Deploy.0 = Debug|ARM
		{E59CA8A3-BAFB-400A-808A-20A78D11A772}.Debug|x64.ActiveCfg = Debug|Any CPU
		{E59CA8A3-BAFB-400A-808A-20A78D11A772}.Debug|x64.Build.0 = Debug|Any CPU
		{E59CA8A3-BAFB-400A-808A-20A78D11A772}.Debug|x64.Deploy.0 = Debug|Any CPU
		{E59CA8A3-BAFB-400A-808A-20A78D11A772}.Debug|x86.ActiveCfg = Debug|x86
		{E59CA8A3-BAFB-400A-808A-20A78D11A772}.Debug|x86.Build.0 = Debug|x86
		{E59CA8A3-BAFB-400A-808A-20A78D11A772}.Debug|x86.Deploy.0 = Debug|x86
		{E59CA8A3-BAFB-400A-808A-20A78D11A772}.Release|Any CPU.ActiveCfg = Release|Any CPU
		{E59CA8A3-BAFB-400A-808A-20A78D11A772}.Release|Any CPU.Build.0 = Release|Any CPU
		{E59CA8A3-BAFB-400A-808A-20A78D11A772}.Release|Any CPU.Deploy.0 = Release|Any CPU
		{E59CA8A3-BAFB-400A-808A-20A78D11A772}.Release|ARM.ActiveCfg = Release|ARM
		{E59CA8A3-BAFB-400A-808A-20A78D11A772}.Release|ARM.Build.0 = Release|ARM
		{E59CA8A3-BAFB-400A-808A-20A78D11A772}.Release|ARM.Deploy.0 = Release|ARM
		{E59CA8A3-BAFB-400A-808A-20A78D11A772}.Release|x64.ActiveCfg = Release|Any CPU
		{E59CA8A3-BAFB-400A-808A-20A78D11A772}.Release|x64.Build.0 = Release|Any CPU
		{E59CA8A3-BAFB-400A-808A-20A78D11A772}.Release|x64.Deploy.0 = Release|Any CPU
		{E59CA8A3-BAFB-400A-808A-20A78D11A772}.Release|x86.ActiveCfg = Release|x86
		{E59CA8A3-BAFB-400A-808A-20A78D11A772}.Release|x86.Build.0 = Release|x86
		{E59CA8A3-BAFB-400A-808A-20A78D11A772}.Release|x86.Deploy.0 = Release|x86
		{317665BE-7743-498C-8D7E-63C69D83FCB5}.Debug|Any CPU.ActiveCfg = Debug|Any CPU
		{317665BE-7743-498C-8D7E-63C69D83FCB5}.Debug|Any CPU.Build.0 = Debug|Any CPU
		{317665BE-7743-498C-8D7E-63C69D83FCB5}.Debug|ARM.ActiveCfg = Debug|Any CPU
		{317665BE-7743-498C-8D7E-63C69D83FCB5}.Debug|ARM.Build.0 = Debug|Any CPU
		{317665BE-7743-498C-8D7E-63C69D83FCB5}.Debug|x64.ActiveCfg = Debug|Any CPU
		{317665BE-7743-498C-8D7E-63C69D83FCB5}.Debug|x64.Build.0 = Debug|Any CPU
		{317665BE-7743-498C-8D7E-63C69D83FCB5}.Debug|x86.ActiveCfg = Debug|Any CPU
		{317665BE-7743-498C-8D7E-63C69D83FCB5}.Debug|x86.Build.0 = Debug|Any CPU
		{317665BE-7743-498C-8D7E-63C69D83FCB5}.Release|Any CPU.ActiveCfg = Release|Any CPU
		{317665BE-7743-498C-8D7E-63C69D83FCB5}.Release|Any CPU.Build.0 = Release|Any CPU
		{317665BE-7743-498C-8D7E-63C69D83FCB5}.Release|ARM.ActiveCfg = Release|Any CPU
		{317665BE-7743-498C-8D7E-63C69D83FCB5}.Release|ARM.Build.0 = Release|Any CPU
		{317665BE-7743-498C-8D7E-63C69D83FCB5}.Release|x64.ActiveCfg = Release|Any CPU
		{317665BE-7743-498C-8D7E-63C69D83FCB5}.Release|x64.Build.0 = Release|Any CPU
		{317665BE-7743-498C-8D7E-63C69D83FCB5}.Release|x86.ActiveCfg = Release|Any CPU
		{317665BE-7743-498C-8D7E-63C69D83FCB5}.Release|x86.Build.0 = Release|Any CPU
		{52BC0050-B828-441E-88D5-4C43562A3EBB}.Debug|Any CPU.ActiveCfg = Debug|x86
		{52BC0050-B828-441E-88D5-4C43562A3EBB}.Debug|ARM.ActiveCfg = Debug|ARM
		{52BC0050-B828-441E-88D5-4C43562A3EBB}.Debug|ARM.Build.0 = Debug|ARM
		{52BC0050-B828-441E-88D5-4C43562A3EBB}.Debug|ARM.Deploy.0 = Debug|ARM
		{52BC0050-B828-441E-88D5-4C43562A3EBB}.Debug|x64.ActiveCfg = Debug|x64
		{52BC0050-B828-441E-88D5-4C43562A3EBB}.Debug|x64.Build.0 = Debug|x64
		{52BC0050-B828-441E-88D5-4C43562A3EBB}.Debug|x64.Deploy.0 = Debug|x64
		{52BC0050-B828-441E-88D5-4C43562A3EBB}.Debug|x86.ActiveCfg = Debug|x86
		{52BC0050-B828-441E-88D5-4C43562A3EBB}.Debug|x86.Build.0 = Debug|x86
		{52BC0050-B828-441E-88D5-4C43562A3EBB}.Debug|x86.Deploy.0 = Debug|x86
		{52BC0050-B828-441E-88D5-4C43562A3EBB}.Release|Any CPU.ActiveCfg = Release|x86
		{52BC0050-B828-441E-88D5-4C43562A3EBB}.Release|Any CPU.Build.0 = Release|x86
		{52BC0050-B828-441E-88D5-4C43562A3EBB}.Release|Any CPU.Deploy.0 = Release|x86
		{52BC0050-B828-441E-88D5-4C43562A3EBB}.Release|ARM.ActiveCfg = Release|ARM
		{52BC0050-B828-441E-88D5-4C43562A3EBB}.Release|ARM.Build.0 = Release|ARM
		{52BC0050-B828-441E-88D5-4C43562A3EBB}.Release|ARM.Deploy.0 = Release|ARM
		{52BC0050-B828-441E-88D5-4C43562A3EBB}.Release|x64.ActiveCfg = Release|x64
		{52BC0050-B828-441E-88D5-4C43562A3EBB}.Release|x64.Build.0 = Release|x64
		{52BC0050-B828-441E-88D5-4C43562A3EBB}.Release|x64.Deploy.0 = Release|x64
		{52BC0050-B828-441E-88D5-4C43562A3EBB}.Release|x86.ActiveCfg = Release|x86
		{52BC0050-B828-441E-88D5-4C43562A3EBB}.Release|x86.Build.0 = Release|x86
		{52BC0050-B828-441E-88D5-4C43562A3EBB}.Release|x86.Deploy.0 = Release|x86
		{674C586F-B285-444A-A6AB-A9CBCC5D0B8F}.Debug|Any CPU.ActiveCfg = Debug|Any CPU
		{674C586F-B285-444A-A6AB-A9CBCC5D0B8F}.Debug|Any CPU.Build.0 = Debug|Any CPU
		{674C586F-B285-444A-A6AB-A9CBCC5D0B8F}.Debug|ARM.ActiveCfg = Debug|Any CPU
		{674C586F-B285-444A-A6AB-A9CBCC5D0B8F}.Debug|ARM.Build.0 = Debug|Any CPU
		{674C586F-B285-444A-A6AB-A9CBCC5D0B8F}.Debug|x64.ActiveCfg = Debug|Any CPU
		{674C586F-B285-444A-A6AB-A9CBCC5D0B8F}.Debug|x64.Build.0 = Debug|Any CPU
		{674C586F-B285-444A-A6AB-A9CBCC5D0B8F}.Debug|x86.ActiveCfg = Debug|Any CPU
		{674C586F-B285-444A-A6AB-A9CBCC5D0B8F}.Debug|x86.Build.0 = Debug|Any CPU
		{674C586F-B285-444A-A6AB-A9CBCC5D0B8F}.Release|Any CPU.ActiveCfg = Release|Any CPU
		{674C586F-B285-444A-A6AB-A9CBCC5D0B8F}.Release|Any CPU.Build.0 = Release|Any CPU
		{674C586F-B285-444A-A6AB-A9CBCC5D0B8F}.Release|ARM.ActiveCfg = Release|Any CPU
		{674C586F-B285-444A-A6AB-A9CBCC5D0B8F}.Release|ARM.Build.0 = Release|Any CPU
		{674C586F-B285-444A-A6AB-A9CBCC5D0B8F}.Release|x64.ActiveCfg = Release|Any CPU
		{674C586F-B285-444A-A6AB-A9CBCC5D0B8F}.Release|x64.Build.0 = Release|Any CPU
		{674C586F-B285-444A-A6AB-A9CBCC5D0B8F}.Release|x86.ActiveCfg = Release|Any CPU
		{674C586F-B285-444A-A6AB-A9CBCC5D0B8F}.Release|x86.Build.0 = Release|Any CPU
		{1BB723D5-1E10-4B5A-A700-4B9B3CDB1926}.Debug|Any CPU.ActiveCfg = Debug|Any CPU
		{1BB723D5-1E10-4B5A-A700-4B9B3CDB1926}.Debug|ARM.ActiveCfg = Debug|ARM
		{1BB723D5-1E10-4B5A-A700-4B9B3CDB1926}.Debug|ARM.Build.0 = Debug|ARM
		{1BB723D5-1E10-4B5A-A700-4B9B3CDB1926}.Debug|x64.ActiveCfg = Debug|x64
		{1BB723D5-1E10-4B5A-A700-4B9B3CDB1926}.Debug|x64.Build.0 = Debug|x64
		{1BB723D5-1E10-4B5A-A700-4B9B3CDB1926}.Debug|x86.ActiveCfg = Debug|x86
		{1BB723D5-1E10-4B5A-A700-4B9B3CDB1926}.Debug|x86.Build.0 = Debug|x86
		{1BB723D5-1E10-4B5A-A700-4B9B3CDB1926}.Release|Any CPU.ActiveCfg = Release|Any CPU
		{1BB723D5-1E10-4B5A-A700-4B9B3CDB1926}.Release|ARM.ActiveCfg = Release|ARM
		{1BB723D5-1E10-4B5A-A700-4B9B3CDB1926}.Release|ARM.Build.0 = Release|ARM
		{1BB723D5-1E10-4B5A-A700-4B9B3CDB1926}.Release|x64.ActiveCfg = Release|x64
		{1BB723D5-1E10-4B5A-A700-4B9B3CDB1926}.Release|x64.Build.0 = Release|x64
		{1BB723D5-1E10-4B5A-A700-4B9B3CDB1926}.Release|x86.ActiveCfg = Release|x86
		{1BB723D5-1E10-4B5A-A700-4B9B3CDB1926}.Release|x86.Build.0 = Release|x86
	EndGlobalSection
	GlobalSection(SolutionProperties) = preSolution
		HideSolutionNode = FALSE
	EndGlobalSection
	GlobalSection(NestedProjects) = preSolution
		{FE62D865-F4FD-48D5-94BC-1C3EC8A74255} = {3B6813D3-0B87-4EFF-8374-461C11E33A77}
		{897E6742-2A2F-4A86-96DB-E9C67F9C45F3} = {3B6813D3-0B87-4EFF-8374-461C11E33A77}
		{502E1ACF-88F1-4031-BFFE-6F8450CE53F0} = {3B6813D3-0B87-4EFF-8374-461C11E33A77}
		{E59CA8A3-BAFB-400A-808A-20A78D11A772} = {3B6813D3-0B87-4EFF-8374-461C11E33A77}
		{FC7FEBEE-7D82-4CCE-AAB3-DE7843CF8DBF} = {3B6813D3-0B87-4EFF-8374-461C11E33A77}
	EndGlobalSection
EndGlobal
